
Microsoft Visual Studio Solution File, Format Version 12.00
# Visual Studio Version 16
VisualStudioVersion = 16.0.30204.135
MinimumVisualStudioVersion = 10.0.40219.1
Project("{FAE04EC0-301F-11D3-BF4B-00C04F79EFBC}") = "adventure-platform", "adventure-platform\adventure-platform.csproj", "{512C5F60-B5E1-434C-AC89-6EFCAF6DD440}"
EndProject
Global
	GlobalSection(SolutionConfigurationPlatforms) = preSolution
		Debug|Any CPU = Debug|Any CPU
		Release|Any CPU = Release|Any CPU
	EndGlobalSection
	GlobalSection(ProjectConfigurationPlatforms) = postSolution
		{512C5F60-B5E1-434C-AC89-6EFCAF6DD440}.Debug|Any CPU.ActiveCfg = Debug|Any CPU
		{512C5F60-B5E1-434C-AC89-6EFCAF6DD440}.Debug|Any CPU.Build.0 = Debug|Any CPU
		{512C5F60-B5E1-434C-AC89-6EFCAF6DD440}.Release|Any CPU.ActiveCfg = Release|Any CPU
		{512C5F60-B5E1-434C-AC89-6EFCAF6DD440}.Release|Any CPU.Build.0 = Release|Any CPU
	EndGlobalSection
	GlobalSection(SolutionProperties) = preSolution
		HideSolutionNode = FALSE
	EndGlobalSection
	GlobalSection(ExtensibilityGlobals) = postSolution
		SolutionGuid = {54091568-A285-4695-8766-DEFE0FAE04D7}
	EndGlobalSection
EndGlobal
