
Microsoft Visual Studio Solution File, Format Version 12.00
# Visual Studio Version 16
VisualStudioVersion = 16.0.30204.135
MinimumVisualStudioVersion = 10.0.40219.1
Project("{9A19103F-16F7-4668-BE54-9A1E7A4F7556}") = "adventureplatform.Server", "adventure-platform\Server\adventureplatform.Server.csproj", "{F7445C31-229C-4890-8BBA-21AC91F55609}"
EndProject
Project("{9A19103F-16F7-4668-BE54-9A1E7A4F7556}") = "adventureplatform.Client", "adventure-platform\Client\adventureplatform.Client.csproj", "{3068A67A-8A23-4239-B4C2-5D53398260C1}"
EndProject
Project("{9A19103F-16F7-4668-BE54-9A1E7A4F7556}") = "adventureplatform.Shared", "adventure-platform\Shared\adventureplatform.Shared.csproj", "{80A91B80-5BCE-4D10-AE71-3795C59EBAA3}"
EndProject
Global
	GlobalSection(SolutionConfigurationPlatforms) = preSolution
		Debug|Any CPU = Debug|Any CPU
		Release|Any CPU = Release|Any CPU
	EndGlobalSection
	GlobalSection(ProjectConfigurationPlatforms) = postSolution
		{F7445C31-229C-4890-8BBA-21AC91F55609}.Debug|Any CPU.ActiveCfg = Debug|Any CPU
		{F7445C31-229C-4890-8BBA-21AC91F55609}.Debug|Any CPU.Build.0 = Debug|Any CPU
		{F7445C31-229C-4890-8BBA-21AC91F55609}.Release|Any CPU.ActiveCfg = Release|Any CPU
		{F7445C31-229C-4890-8BBA-21AC91F55609}.Release|Any CPU.Build.0 = Release|Any CPU
		{3068A67A-8A23-4239-B4C2-5D53398260C1}.Debug|Any CPU.ActiveCfg = Debug|Any CPU
		{3068A67A-8A23-4239-B4C2-5D53398260C1}.Debug|Any CPU.Build.0 = Debug|Any CPU
		{3068A67A-8A23-4239-B4C2-5D53398260C1}.Release|Any CPU.ActiveCfg = Release|Any CPU
		{3068A67A-8A23-4239-B4C2-5D53398260C1}.Release|Any CPU.Build.0 = Release|Any CPU
		{80A91B80-5BCE-4D10-AE71-3795C59EBAA3}.Debug|Any CPU.ActiveCfg = Debug|Any CPU
		{80A91B80-5BCE-4D10-AE71-3795C59EBAA3}.Debug|Any CPU.Build.0 = Debug|Any CPU
		{80A91B80-5BCE-4D10-AE71-3795C59EBAA3}.Release|Any CPU.ActiveCfg = Release|Any CPU
		{80A91B80-5BCE-4D10-AE71-3795C59EBAA3}.Release|Any CPU.Build.0 = Release|Any CPU
	EndGlobalSection
	GlobalSection(SolutionProperties) = preSolution
		HideSolutionNode = FALSE
	EndGlobalSection
	GlobalSection(ExtensibilityGlobals) = postSolution
		SolutionGuid = {3FB32BC0-389B-4F4D-BFB1-D60446EA8DE8}
	EndGlobalSection
EndGlobal
